
Microsoft Visual Studio Solution File, Format Version 12.00
# Visual Studio Version 16
VisualStudioVersion = 16.0.30907.101
MinimumVisualStudioVersion = 10.0.40219.1
Project("{FAE04EC0-301F-11D3-BF4B-00C04F79EFBC}") = "Mathe.UWP", "Mathe.UWP\Mathe.UWP.csproj", "{95D6B80F-39AA-40E0-A107-CC76261C0422}"
EndProject
Project("{FAE04EC0-301F-11D3-BF4B-00C04F79EFBC}") = "Mathe.Android", "Mathe.Android\Mathe.Android.csproj", "{E959B982-1623-47A7-A43A-E730F15A818B}"
EndProject
Project("{FAE04EC0-301F-11D3-BF4B-00C04F79EFBC}") = "Mathe.iOS", "Mathe.iOS\Mathe.iOS.csproj", "{2501F3DE-E7BF-43D1-BEE9-915A52B5CF84}"
EndProject
Project("{FAE04EC0-301F-11D3-BF4B-00C04F79EFBC}") = "Mathe", "Mathe\Mathe.csproj", "{61C3D047-C279-4349-985A-FAFFD8CD6030}"
EndProject
Project("{FAE04EC0-301F-11D3-BF4B-00C04F79EFBC}") = "Mathe.UnitTest", "Mathe.UnitTest\Mathe.UnitTest.csproj", "{317875CE-09CA-4402-AF5A-F270C6C2AC97}"
EndProject
Global
	GlobalSection(SolutionConfigurationPlatforms) = preSolution
		Debug|Any CPU = Debug|Any CPU
		Debug|ARM = Debug|ARM
		Debug|iPhone = Debug|iPhone
		Debug|iPhoneSimulator = Debug|iPhoneSimulator
		Debug|x64 = Debug|x64
		Debug|x86 = Debug|x86
		Release|Any CPU = Release|Any CPU
		Release|ARM = Release|ARM
		Release|iPhone = Release|iPhone
		Release|iPhoneSimulator = Release|iPhoneSimulator
		Release|x64 = Release|x64
		Release|x86 = Release|x86
	EndGlobalSection
	GlobalSection(ProjectConfigurationPlatforms) = postSolution
		{95D6B80F-39AA-40E0-A107-CC76261C0422}.Debug|Any CPU.ActiveCfg = Debug|x86
		{95D6B80F-39AA-40E0-A107-CC76261C0422}.Debug|Any CPU.Build.0 = Debug|x86
		{95D6B80F-39AA-40E0-A107-CC76261C0422}.Debug|Any CPU.Deploy.0 = Debug|x86
		{95D6B80F-39AA-40E0-A107-CC76261C0422}.Debug|ARM.ActiveCfg = Debug|ARM
		{95D6B80F-39AA-40E0-A107-CC76261C0422}.Debug|ARM.Build.0 = Debug|ARM
		{95D6B80F-39AA-40E0-A107-CC76261C0422}.Debug|ARM.Deploy.0 = Debug|ARM
		{95D6B80F-39AA-40E0-A107-CC76261C0422}.Debug|iPhone.ActiveCfg = Debug|x86
		{95D6B80F-39AA-40E0-A107-CC76261C0422}.Debug|iPhone.Build.0 = Debug|x86
		{95D6B80F-39AA-40E0-A107-CC76261C0422}.Debug|iPhone.Deploy.0 = Debug|x86
		{95D6B80F-39AA-40E0-A107-CC76261C0422}.Debug|iPhoneSimulator.ActiveCfg = Debug|x86
		{95D6B80F-39AA-40E0-A107-CC76261C0422}.Debug|iPhoneSimulator.Build.0 = Debug|x86
		{95D6B80F-39AA-40E0-A107-CC76261C0422}.Debug|iPhoneSimulator.Deploy.0 = Debug|x86
		{95D6B80F-39AA-40E0-A107-CC76261C0422}.Debug|x64.ActiveCfg = Debug|x64
		{95D6B80F-39AA-40E0-A107-CC76261C0422}.Debug|x64.Build.0 = Debug|x64
		{95D6B80F-39AA-40E0-A107-CC76261C0422}.Debug|x64.Deploy.0 = Debug|x64
		{95D6B80F-39AA-40E0-A107-CC76261C0422}.Debug|x86.ActiveCfg = Debug|x86
		{95D6B80F-39AA-40E0-A107-CC76261C0422}.Debug|x86.Build.0 = Debug|x86
		{95D6B80F-39AA-40E0-A107-CC76261C0422}.Debug|x86.Deploy.0 = Debug|x86
		{95D6B80F-39AA-40E0-A107-CC76261C0422}.Release|Any CPU.ActiveCfg = Release|x86
		{95D6B80F-39AA-40E0-A107-CC76261C0422}.Release|Any CPU.Build.0 = Release|x86
		{95D6B80F-39AA-40E0-A107-CC76261C0422}.Release|Any CPU.Deploy.0 = Release|x86
		{95D6B80F-39AA-40E0-A107-CC76261C0422}.Release|ARM.ActiveCfg = Release|ARM
		{95D6B80F-39AA-40E0-A107-CC76261C0422}.Release|iPhone.ActiveCfg = Release|x86
		{95D6B80F-39AA-40E0-A107-CC76261C0422}.Release|iPhone.Build.0 = Release|x86
		{95D6B80F-39AA-40E0-A107-CC76261C0422}.Release|iPhone.Deploy.0 = Release|x86
		{95D6B80F-39AA-40E0-A107-CC76261C0422}.Release|iPhoneSimulator.ActiveCfg = Release|x86
		{95D6B80F-39AA-40E0-A107-CC76261C0422}.Release|iPhoneSimulator.Build.0 = Release|x86
		{95D6B80F-39AA-40E0-A107-CC76261C0422}.Release|iPhoneSimulator.Deploy.0 = Release|x86
		{95D6B80F-39AA-40E0-A107-CC76261C0422}.Release|x64.ActiveCfg = Release|x64
		{95D6B80F-39AA-40E0-A107-CC76261C0422}.Release|x64.Build.0 = Release|x64
		{95D6B80F-39AA-40E0-A107-CC76261C0422}.Release|x64.Deploy.0 = Release|x64
		{95D6B80F-39AA-40E0-A107-CC76261C0422}.Release|x86.ActiveCfg = Release|x86
		{95D6B80F-39AA-40E0-A107-CC76261C0422}.Release|x86.Build.0 = Release|x86
		{95D6B80F-39AA-40E0-A107-CC76261C0422}.Release|x86.Deploy.0 = Release|x86
		{E959B982-1623-47A7-A43A-E730F15A818B}.Debug|Any CPU.ActiveCfg = Debug|Any CPU
		{E959B982-1623-47A7-A43A-E730F15A818B}.Debug|Any CPU.Build.0 = Debug|Any CPU
		{E959B982-1623-47A7-A43A-E730F15A818B}.Debug|Any CPU.Deploy.0 = Debug|Any CPU
		{E959B982-1623-47A7-A43A-E730F15A818B}.Debug|ARM.ActiveCfg = Debug|Any CPU
		{E959B982-1623-47A7-A43A-E730F15A818B}.Debug|ARM.Build.0 = Debug|Any CPU
		{E959B982-1623-47A7-A43A-E730F15A818B}.Debug|ARM.Deploy.0 = Debug|Any CPU
		{E959B982-1623-47A7-A43A-E730F15A818B}.Debug|iPhone.ActiveCfg = Debug|Any CPU
		{E959B982-1623-47A7-A43A-E730F15A818B}.Debug|iPhone.Build.0 = Debug|Any CPU
		{E959B982-1623-47A7-A43A-E730F15A818B}.Debug|iPhone.Deploy.0 = Debug|Any CPU
		{E959B982-1623-47A7-A43A-E730F15A818B}.Debug|iPhoneSimulator.ActiveCfg = Debug|Any CPU
		{E959B982-1623-47A7-A43A-E730F15A818B}.Debug|iPhoneSimulator.Build.0 = Debug|Any CPU
		{E959B982-1623-47A7-A43A-E730F15A818B}.Debug|iPhoneSimulator.Deploy.0 = Debug|Any CPU
		{E959B982-1623-47A7-A43A-E730F15A818B}.Debug|x64.ActiveCfg = Debug|Any CPU
		{E959B982-1623-47A7-A43A-E730F15A818B}.Debug|x64.Build.0 = Debug|Any CPU
		{E959B982-1623-47A7-A43A-E730F15A818B}.Debug|x64.Deploy.0 = Debug|Any CPU
		{E959B982-1623-47A7-A43A-E730F15A818B}.Debug|x86.ActiveCfg = Debug|Any CPU
		{E959B982-1623-47A7-A43A-E730F15A818B}.Debug|x86.Build.0 = Debug|Any CPU
		{E959B982-1623-47A7-A43A-E730F15A818B}.Debug|x86.Deploy.0 = Debug|Any CPU
		{E959B982-1623-47A7-A43A-E730F15A818B}.Release|Any CPU.ActiveCfg = Release|Any CPU
		{E959B982-1623-47A7-A43A-E730F15A818B}.Release|Any CPU.Build.0 = Release|Any CPU
		{E959B982-1623-47A7-A43A-E730F15A818B}.Release|Any CPU.Deploy.0 = Release|Any CPU
		{E959B982-1623-47A7-A43A-E730F15A818B}.Release|ARM.ActiveCfg = Release|Any CPU
		{E959B982-1623-47A7-A43A-E730F15A818B}.Release|ARM.Build.0 = Release|Any CPU
		{E959B982-1623-47A7-A43A-E730F15A818B}.Release|ARM.Deploy.0 = Release|Any CPU
		{E959B982-1623-47A7-A43A-E730F15A818B}.Release|iPhone.ActiveCfg = Release|Any CPU
		{E959B982-1623-47A7-A43A-E730F15A818B}.Release|iPhone.Build.0 = Release|Any CPU
		{E959B982-1623-47A7-A43A-E730F15A818B}.Release|iPhone.Deploy.0 = Release|Any CPU
		{E959B982-1623-47A7-A43A-E730F15A818B}.Release|iPhoneSimulator.ActiveCfg = Release|Any CPU
		{E959B982-1623-47A7-A43A-E730F15A818B}.Release|iPhoneSimulator.Build.0 = Release|Any CPU
		{E959B982-1623-47A7-A43A-E730F15A818B}.Release|iPhoneSimulator.Deploy.0 = Release|Any CPU
		{E959B982-1623-47A7-A43A-E730F15A818B}.Release|x64.ActiveCfg = Release|Any CPU
		{E959B982-1623-47A7-A43A-E730F15A818B}.Release|x64.Build.0 = Release|Any CPU
		{E959B982-1623-47A7-A43A-E730F15A818B}.Release|x64.Deploy.0 = Release|Any CPU
		{E959B982-1623-47A7-A43A-E730F15A818B}.Release|x86.ActiveCfg = Release|Any CPU
		{E959B982-1623-47A7-A43A-E730F15A818B}.Release|x86.Build.0 = Release|Any CPU
		{E959B982-1623-47A7-A43A-E730F15A818B}.Release|x86.Deploy.0 = Release|Any CPU
		{2501F3DE-E7BF-43D1-BEE9-915A52B5CF84}.Debug|Any CPU.ActiveCfg = Debug|iPhoneSimulator
		{2501F3DE-E7BF-43D1-BEE9-915A52B5CF84}.Debug|ARM.ActiveCfg = Debug|iPhone
		{2501F3DE-E7BF-43D1-BEE9-915A52B5CF84}.Debug|ARM.Build.0 = Debug|iPhone
		{2501F3DE-E7BF-43D1-BEE9-915A52B5CF84}.Debug|ARM.Deploy.0 = Debug|iPhone
		{2501F3DE-E7BF-43D1-BEE9-915A52B5CF84}.Debug|iPhone.ActiveCfg = Debug|iPhone
		{2501F3DE-E7BF-43D1-BEE9-915A52B5CF84}.Debug|iPhone.Build.0 = Debug|iPhone
		{2501F3DE-E7BF-43D1-BEE9-915A52B5CF84}.Debug|iPhone.Deploy.0 = Debug|iPhone
		{2501F3DE-E7BF-43D1-BEE9-915A52B5CF84}.Debug|iPhoneSimulator.ActiveCfg = Debug|iPhoneSimulator
		{2501F3DE-E7BF-43D1-BEE9-915A52B5CF84}.Debug|iPhoneSimulator.Build.0 = Debug|iPhoneSimulator
		{2501F3DE-E7BF-43D1-BEE9-915A52B5CF84}.Debug|iPhoneSimulator.Deploy.0 = Debug|iPhoneSimulator
		{2501F3DE-E7BF-43D1-BEE9-915A52B5CF84}.Debug|x64.ActiveCfg = Debug|iPhoneSimulator
		{2501F3DE-E7BF-43D1-BEE9-915A52B5CF84}.Debug|x64.Build.0 = Debug|iPhoneSimulator
		{2501F3DE-E7BF-43D1-BEE9-915A52B5CF84}.Debug|x64.Deploy.0 = Debug|iPhoneSimulator
		{2501F3DE-E7BF-43D1-BEE9-915A52B5CF84}.Debug|x86.ActiveCfg = Debug|iPhoneSimulator
		{2501F3DE-E7BF-43D1-BEE9-915A52B5CF84}.Debug|x86.Build.0 = Debug|iPhoneSimulator
		{2501F3DE-E7BF-43D1-BEE9-915A52B5CF84}.Debug|x86.Deploy.0 = Debug|iPhoneSimulator
		{2501F3DE-E7BF-43D1-BEE9-915A52B5CF84}.Release|Any CPU.ActiveCfg = Release|iPhoneSimulator
		{2501F3DE-E7BF-43D1-BEE9-915A52B5CF84}.Release|Any CPU.Build.0 = Release|iPhoneSimulator
		{2501F3DE-E7BF-43D1-BEE9-915A52B5CF84}.Release|Any CPU.Deploy.0 = Release|iPhoneSimulator
		{2501F3DE-E7BF-43D1-BEE9-915A52B5CF84}.Release|ARM.ActiveCfg = Release|iPhoneSimulator
		{2501F3DE-E7BF-43D1-BEE9-915A52B5CF84}.Release|iPhone.ActiveCfg = Release|iPhone
		{2501F3DE-E7BF-43D1-BEE9-915A52B5CF84}.Release|iPhone.Build.0 = Release|iPhone
		{2501F3DE-E7BF-43D1-BEE9-915A52B5CF84}.Release|iPhone.Deploy.0 = Release|iPhone
		{2501F3DE-E7BF-43D1-BEE9-915A52B5CF84}.Release|iPhoneSimulator.ActiveCfg = Release|iPhoneSimulator
		{2501F3DE-E7BF-43D1-BEE9-915A52B5CF84}.Release|iPhoneSimulator.Build.0 = Release|iPhoneSimulator
		{2501F3DE-E7BF-43D1-BEE9-915A52B5CF84}.Release|iPhoneSimulator.Deploy.0 = Release|iPhoneSimulator
		{2501F3DE-E7BF-43D1-BEE9-915A52B5CF84}.Release|x64.ActiveCfg = Release|iPhoneSimulator
		{2501F3DE-E7BF-43D1-BEE9-915A52B5CF84}.Release|x64.Build.0 = Release|iPhoneSimulator
		{2501F3DE-E7BF-43D1-BEE9-915A52B5CF84}.Release|x64.Deploy.0 = Release|iPhoneSimulator
		{2501F3DE-E7BF-43D1-BEE9-915A52B5CF84}.Release|x86.ActiveCfg = Release|iPhoneSimulator
		{2501F3DE-E7BF-43D1-BEE9-915A52B5CF84}.Release|x86.Build.0 = Release|iPhoneSimulator
		{2501F3DE-E7BF-43D1-BEE9-915A52B5CF84}.Release|x86.Deploy.0 = Release|iPhoneSimulator
		{61C3D047-C279-4349-985A-FAFFD8CD6030}.Debug|Any CPU.ActiveCfg = Debug|Any CPU
		{61C3D047-C279-4349-985A-FAFFD8CD6030}.Debug|Any CPU.Build.0 = Debug|Any CPU
		{61C3D047-C279-4349-985A-FAFFD8CD6030}.Debug|Any CPU.Deploy.0 = Debug|Any CPU
		{61C3D047-C279-4349-985A-FAFFD8CD6030}.Debug|ARM.ActiveCfg = Debug|Any CPU
		{61C3D047-C279-4349-985A-FAFFD8CD6030}.Debug|ARM.Build.0 = Debug|Any CPU
		{61C3D047-C279-4349-985A-FAFFD8CD6030}.Debug|ARM.Deploy.0 = Debug|Any CPU
		{61C3D047-C279-4349-985A-FAFFD8CD6030}.Debug|iPhone.ActiveCfg = Debug|Any CPU
		{61C3D047-C279-4349-985A-FAFFD8CD6030}.Debug|iPhone.Build.0 = Debug|Any CPU
		{61C3D047-C279-4349-985A-FAFFD8CD6030}.Debug|iPhone.Deploy.0 = Debug|Any CPU
		{61C3D047-C279-4349-985A-FAFFD8CD6030}.Debug|iPhoneSimulator.ActiveCfg = Debug|Any CPU
		{61C3D047-C279-4349-985A-FAFFD8CD6030}.Debug|iPhoneSimulator.Build.0 = Debug|Any CPU
		{61C3D047-C279-4349-985A-FAFFD8CD6030}.Debug|iPhoneSimulator.Deploy.0 = Debug|Any CPU
		{61C3D047-C279-4349-985A-FAFFD8CD6030}.Debug|x64.ActiveCfg = Debug|Any CPU
		{61C3D047-C279-4349-985A-FAFFD8CD6030}.Debug|x64.Build.0 = Debug|Any CPU
		{61C3D047-C279-4349-985A-FAFFD8CD6030}.Debug|x64.Deploy.0 = Debug|Any CPU
		{61C3D047-C279-4349-985A-FAFFD8CD6030}.Debug|x86.ActiveCfg = Debug|Any CPU
		{61C3D047-C279-4349-985A-FAFFD8CD6030}.Debug|x86.Build.0 = Debug|Any CPU
		{61C3D047-C279-4349-985A-FAFFD8CD6030}.Debug|x86.Deploy.0 = Debug|Any CPU
		{61C3D047-C279-4349-985A-FAFFD8CD6030}.Release|Any CPU.ActiveCfg = Release|Any CPU
		{61C3D047-C279-4349-985A-FAFFD8CD6030}.Release|Any CPU.Build.0 = Release|Any CPU
		{61C3D047-C279-4349-985A-FAFFD8CD6030}.Release|Any CPU.Deploy.0 = Release|Any CPU
		{61C3D047-C279-4349-985A-FAFFD8CD6030}.Release|ARM.ActiveCfg = Release|Any CPU
		{61C3D047-C279-4349-985A-FAFFD8CD6030}.Release|iPhone.ActiveCfg = Release|Any CPU
		{61C3D047-C279-4349-985A-FAFFD8CD6030}.Release|iPhone.Build.0 = Release|Any CPU
		{61C3D047-C279-4349-985A-FAFFD8CD6030}.Release|iPhone.Deploy.0 = Release|Any CPU
		{61C3D047-C279-4349-985A-FAFFD8CD6030}.Release|iPhoneSimulator.ActiveCfg = Release|Any CPU
		{61C3D047-C279-4349-985A-FAFFD8CD6030}.Release|iPhoneSimulator.Build.0 = Release|Any CPU
		{61C3D047-C279-4349-985A-FAFFD8CD6030}.Release|iPhoneSimulator.Deploy.0 = Release|Any CPU
		{61C3D047-C279-4349-985A-FAFFD8CD6030}.Release|x64.ActiveCfg = Release|Any CPU
		{61C3D047-C279-4349-985A-FAFFD8CD6030}.Release|x64.Build.0 = Release|Any CPU
		{61C3D047-C279-4349-985A-FAFFD8CD6030}.Release|x64.Deploy.0 = Release|Any CPU
		{61C3D047-C279-4349-985A-FAFFD8CD6030}.Release|x86.ActiveCfg = Release|Any CPU
		{61C3D047-C279-4349-985A-FAFFD8CD6030}.Release|x86.Build.0 = Release|Any CPU
		{61C3D047-C279-4349-985A-FAFFD8CD6030}.Release|x86.Deploy.0 = Release|Any CPU
		{317875CE-09CA-4402-AF5A-F270C6C2AC97}.Debug|Any CPU.ActiveCfg = Debug|Any CPU
		{317875CE-09CA-4402-AF5A-F270C6C2AC97}.Debug|Any CPU.Build.0 = Debug|Any CPU
		{317875CE-09CA-4402-AF5A-F270C6C2AC97}.Debug|ARM.ActiveCfg = Debug|Any CPU
		{317875CE-09CA-4402-AF5A-F270C6C2AC97}.Debug|ARM.Build.0 = Debug|Any CPU
		{317875CE-09CA-4402-AF5A-F270C6C2AC97}.Debug|iPhone.ActiveCfg = Debug|Any CPU
		{317875CE-09CA-4402-AF5A-F270C6C2AC97}.Debug|iPhone.Build.0 = Debug|Any CPU
		{317875CE-09CA-4402-AF5A-F270C6C2AC97}.Debug|iPhoneSimulator.ActiveCfg = Debug|Any CPU
		{317875CE-09CA-4402-AF5A-F270C6C2AC97}.Debug|iPhoneSimulator.Build.0 = Debug|Any CPU
		{317875CE-09CA-4402-AF5A-F270C6C2AC97}.Debug|x64.ActiveCfg = Debug|Any CPU
		{317875CE-09CA-4402-AF5A-F270C6C2AC97}.Debug|x64.Build.0 = Debug|Any CPU
		{317875CE-09CA-4402-AF5A-F270C6C2AC97}.Debug|x86.ActiveCfg = Debug|Any CPU
		{317875CE-09CA-4402-AF5A-F270C6C2AC97}.Debug|x86.Build.0 = Debug|Any CPU
		{317875CE-09CA-4402-AF5A-F270C6C2AC97}.Release|Any CPU.ActiveCfg = Release|Any CPU
		{317875CE-09CA-4402-AF5A-F270C6C2AC97}.Release|Any CPU.Build.0 = Release|Any CPU
		{317875CE-09CA-4402-AF5A-F270C6C2AC97}.Release|ARM.ActiveCfg = Release|Any CPU
		{317875CE-09CA-4402-AF5A-F270C6C2AC97}.Release|iPhone.ActiveCfg = Release|Any CPU
		{317875CE-09CA-4402-AF5A-F270C6C2AC97}.Release|iPhone.Build.0 = Release|Any CPU
		{317875CE-09CA-4402-AF5A-F270C6C2AC97}.Release|iPhoneSimulator.ActiveCfg = Release|Any CPU
		{317875CE-09CA-4402-AF5A-F270C6C2AC97}.Release|iPhoneSimulator.Build.0 = Release|Any CPU
		{317875CE-09CA-4402-AF5A-F270C6C2AC97}.Release|x64.ActiveCfg = Release|Any CPU
		{317875CE-09CA-4402-AF5A-F270C6C2AC97}.Release|x64.Build.0 = Release|Any CPU
		{317875CE-09CA-4402-AF5A-F270C6C2AC97}.Release|x86.ActiveCfg = Release|Any CPU
		{317875CE-09CA-4402-AF5A-F270C6C2AC97}.Release|x86.Build.0 = Release|Any CPU
	EndGlobalSection
	GlobalSection(SolutionProperties) = preSolution
		HideSolutionNode = FALSE
	EndGlobalSection
	GlobalSection(ExtensibilityGlobals) = postSolution
		SolutionGuid = {F5F1351D-0526-4A9C-9783-CA36189288B0}
	EndGlobalSection
EndGlobal
